{
  "name": "npm-package-consume",
  "version": "1.0.0",
  "lockfileVersion": 3,
  "requires": true,
  "packages": {
    "": {
      "name": "npm-package-consume",
      "version": "1.0.0",
      "license": "ISC",
      "dependencies": {
        "@bbkaanpm/npm-package-project": "^1.0.0"
      }
    },
    "node_modules/@bbkaanpm/npm-package-project": {
      "version": "1.0.0",
      "resolved": "https://registry.npmjs.org/@bbkaanpm/npm-package-project/-/npm-package-project-1.0.0.tgz",
      "integrity": "sha512-Vt3WWWdVYeQ+L+l6EVKLr8g1dLm5c1qQYWNVMR8lk0k8gBMyGbTxuSXEKJ4a90xLtwQTrQw1B9FQl0C6JMVJqg=="
    }
  }
}
